
Microsoft Visual Studio Solution File, Format Version 12.00
# Visual Studio Version 17
VisualStudioVersion = 17.9.34607.119
MinimumVisualStudioVersion = 10.0.40219.1
Project("{2150E333-8FDC-42A3-9474-1A3956D46DE8}") = "Doc", "Doc", "{F8676288-654D-43C1-8934-F04395EE4BE0}"
EndProject
Project("{2150E333-8FDC-42A3-9474-1A3956D46DE8}") = "Test", "Test", "{A385D674-8370-4C9C-8198-93F4E8C8BD74}"
EndProject
Project("{2150E333-8FDC-42A3-9474-1A3956D46DE8}") = "Src", "Src", "{1D2BD426-5ACA-45CA-9C99-9D450A072A7F}"
EndProject
Project("{2150E333-8FDC-42A3-9474-1A3956D46DE8}") = "Core", "Core", "{BEBC87D4-CD51-4308-861C-F7339BD1D985}"
EndProject
Project("{2150E333-8FDC-42A3-9474-1A3956D46DE8}") = "Common", "Common", "{7680471C-2593-4382-8ADA-A3CB9FDEE6C2}"
EndProject
Project("{2150E333-8FDC-42A3-9474-1A3956D46DE8}") = "Infrastructure", "Infrastructure", "{DA89A853-5ED4-4110-B9A0-FDF37211272F}"
EndProject
Project("{2150E333-8FDC-42A3-9474-1A3956D46DE8}") = "Presentation", "Presentation", "{DE6146E5-9F83-4060-88D7-543D2D33CED9}"
EndProject
Project("{FAE04EC0-301F-11D3-BF4B-00C04F79EFBC}") = "ALLAH.Domain", "ALLAH.Domain\ALLAH.Domain.csproj", "{CC550413-926E-41F5-8733-35441E6E9D7C}"
EndProject
Project("{FAE04EC0-301F-11D3-BF4B-00C04F79EFBC}") = "ALLAH.Application", "ALLAH.Application\ALLAH.Application.csproj", "{536983FA-8D4D-445C-8A9E-BAEBF635271F}"
EndProject
Project("{FAE04EC0-301F-11D3-BF4B-00C04F79EFBC}") = "ALLAH.Infrastructure", "ALLAH.Infrastructure\ALLAH.Infrastructure.csproj", "{D7E01400-B8E0-43A6-B4B2-921309D559CE}"
EndProject
Project("{FAE04EC0-301F-11D3-BF4B-00C04F79EFBC}") = "ALLAH.Persistance", "ALLAH.Persistance\ALLAH.Persistance.csproj", "{669D53FA-E6DC-42D8-9F79-9C01ECE344BE}"
EndProject
Project("{FAE04EC0-301F-11D3-BF4B-00C04F79EFBC}") = "ALLAH.Common", "ALLAH.Common\ALLAH.Common.csproj", "{3C9B0B32-AC4F-4F40-8FB0-081741E52F62}"
EndProject
Project("{FAE04EC0-301F-11D3-BF4B-00C04F79EFBC}") = "EndPoint.Site", "EndPoint.Site\EndPoint.Site.csproj", "{A0361273-25E2-4EDE-A92F-A03EE13FEFF0}"
EndProject
Global
	GlobalSection(SolutionConfigurationPlatforms) = preSolution
		Debug|Any CPU = Debug|Any CPU
		Release|Any CPU = Release|Any CPU
	EndGlobalSection
	GlobalSection(ProjectConfigurationPlatforms) = postSolution
		{CC550413-926E-41F5-8733-35441E6E9D7C}.Debug|Any CPU.ActiveCfg = Debug|Any CPU
		{CC550413-926E-41F5-8733-35441E6E9D7C}.Debug|Any CPU.Build.0 = Debug|Any CPU
		{CC550413-926E-41F5-8733-35441E6E9D7C}.Release|Any CPU.ActiveCfg = Release|Any CPU
		{CC550413-926E-41F5-8733-35441E6E9D7C}.Release|Any CPU.Build.0 = Release|Any CPU
		{536983FA-8D4D-445C-8A9E-BAEBF635271F}.Debug|Any CPU.ActiveCfg = Debug|Any CPU
		{536983FA-8D4D-445C-8A9E-BAEBF635271F}.Debug|Any CPU.Build.0 = Debug|Any CPU
		{536983FA-8D4D-445C-8A9E-BAEBF635271F}.Release|Any CPU.ActiveCfg = Release|Any CPU
		{536983FA-8D4D-445C-8A9E-BAEBF635271F}.Release|Any CPU.Build.0 = Release|Any CPU
		{D7E01400-B8E0-43A6-B4B2-921309D559CE}.Debug|Any CPU.ActiveCfg = Debug|Any CPU
		{D7E01400-B8E0-43A6-B4B2-921309D559CE}.Debug|Any CPU.Build.0 = Debug|Any CPU
		{D7E01400-B8E0-43A6-B4B2-921309D559CE}.Release|Any CPU.ActiveCfg = Release|Any CPU
		{D7E01400-B8E0-43A6-B4B2-921309D559CE}.Release|Any CPU.Build.0 = Release|Any CPU
		{669D53FA-E6DC-42D8-9F79-9C01ECE344BE}.Debug|Any CPU.ActiveCfg = Debug|Any CPU
		{669D53FA-E6DC-42D8-9F79-9C01ECE344BE}.Debug|Any CPU.Build.0 = Debug|Any CPU
		{669D53FA-E6DC-42D8-9F79-9C01ECE344BE}.Release|Any CPU.ActiveCfg = Release|Any CPU
		{669D53FA-E6DC-42D8-9F79-9C01ECE344BE}.Release|Any CPU.Build.0 = Release|Any CPU
		{3C9B0B32-AC4F-4F40-8FB0-081741E52F62}.Debug|Any CPU.ActiveCfg = Debug|Any CPU
		{3C9B0B32-AC4F-4F40-8FB0-081741E52F62}.Debug|Any CPU.Build.0 = Debug|Any CPU
		{3C9B0B32-AC4F-4F40-8FB0-081741E52F62}.Release|Any CPU.ActiveCfg = Release|Any CPU
		{3C9B0B32-AC4F-4F40-8FB0-081741E52F62}.Release|Any CPU.Build.0 = Release|Any CPU
		{A0361273-25E2-4EDE-A92F-A03EE13FEFF0}.Debug|Any CPU.ActiveCfg = Debug|Any CPU
		{A0361273-25E2-4EDE-A92F-A03EE13FEFF0}.Debug|Any CPU.Build.0 = Debug|Any CPU
		{A0361273-25E2-4EDE-A92F-A03EE13FEFF0}.Release|Any CPU.ActiveCfg = Release|Any CPU
		{A0361273-25E2-4EDE-A92F-A03EE13FEFF0}.Release|Any CPU.Build.0 = Release|Any CPU
	EndGlobalSection
	GlobalSection(SolutionProperties) = preSolution
		HideSolutionNode = FALSE
	EndGlobalSection
	GlobalSection(NestedProjects) = preSolution
		{BEBC87D4-CD51-4308-861C-F7339BD1D985} = {1D2BD426-5ACA-45CA-9C99-9D450A072A7F}
		{7680471C-2593-4382-8ADA-A3CB9FDEE6C2} = {1D2BD426-5ACA-45CA-9C99-9D450A072A7F}
		{DA89A853-5ED4-4110-B9A0-FDF37211272F} = {1D2BD426-5ACA-45CA-9C99-9D450A072A7F}
		{DE6146E5-9F83-4060-88D7-543D2D33CED9} = {1D2BD426-5ACA-45CA-9C99-9D450A072A7F}
		{CC550413-926E-41F5-8733-35441E6E9D7C} = {BEBC87D4-CD51-4308-861C-F7339BD1D985}
		{536983FA-8D4D-445C-8A9E-BAEBF635271F} = {BEBC87D4-CD51-4308-861C-F7339BD1D985}
		{D7E01400-B8E0-43A6-B4B2-921309D559CE} = {DA89A853-5ED4-4110-B9A0-FDF37211272F}
		{669D53FA-E6DC-42D8-9F79-9C01ECE344BE} = {DA89A853-5ED4-4110-B9A0-FDF37211272F}
		{3C9B0B32-AC4F-4F40-8FB0-081741E52F62} = {7680471C-2593-4382-8ADA-A3CB9FDEE6C2}
		{A0361273-25E2-4EDE-A92F-A03EE13FEFF0} = {DE6146E5-9F83-4060-88D7-543D2D33CED9}
	EndGlobalSection
	GlobalSection(ExtensibilityGlobals) = postSolution
		SolutionGuid = {770EAC33-F86F-4C34-9E35-CC32E271B18F}
	EndGlobalSection
EndGlobal
